
Microsoft Visual Studio Solution File, Format Version 12.00
# Visual Studio 15
VisualStudioVersion = 15.0.27428.2005
MinimumVisualStudioVersion = 10.0.40219.1
Project("{FAE04EC0-301F-11D3-BF4B-00C04F79EFBC}") = "Sharknado", "Sharknado\Sharknado.csproj", "{A7DB0BB2-5E54-4AE0-9D6B-DAA56608DE45}"
EndProject
Global
	GlobalSection(SolutionConfigurationPlatforms) = preSolution
		Debug|Any CPU = Debug|Any CPU
		Release|Any CPU = Release|Any CPU
	EndGlobalSection
	GlobalSection(ProjectConfigurationPlatforms) = postSolution
		{A7DB0BB2-5E54-4AE0-9D6B-DAA56608DE45}.Debug|Any CPU.ActiveCfg = Debug|Any CPU
		{A7DB0BB2-5E54-4AE0-9D6B-DAA56608DE45}.Debug|Any CPU.Build.0 = Debug|Any CPU
		{A7DB0BB2-5E54-4AE0-9D6B-DAA56608DE45}.Release|Any CPU.ActiveCfg = Release|Any CPU
		{A7DB0BB2-5E54-4AE0-9D6B-DAA56608DE45}.Release|Any CPU.Build.0 = Release|Any CPU
	EndGlobalSection
	GlobalSection(SolutionProperties) = preSolution
		HideSolutionNode = FALSE
	EndGlobalSection
	GlobalSection(ExtensibilityGlobals) = postSolution
		SolutionGuid = {BCA85F09-330D-45A4-B5F4-DC978FAF2808}
	EndGlobalSection
EndGlobal
